{
    "requires": true,
    "lockfileVersion": 1,
    "dependencies": {
        "@danielfarrell/bootstrap-combobox": {
            "version": "1.1.8",
            "resolved": "https://registry.npmjs.org/@danielfarrell/bootstrap-combobox/-/bootstrap-combobox-1.1.8.tgz",
            "integrity": "sha1-SJ0KnttaL8nGWXHUQiKU56uTIOw="
        }
    }
}
